[{<<"dynamic_compile">>,
  {git,"https://git.microaws.com/erlang/dynamic_compile.git",
       {ref,"d13d29c03d321e154adffb8eaa4b88b154a811fd"}},
  1},
 {<<"eredis">>,
  {git,"https://git.microaws.com/erlang/eredis",
       {ref,"9ad91f149310a7d002cb966f62b7e2c3330abb04"}},
  0},
 {<<"erlpool">>,
  {git,"https://git.microaws.com/erlang/erlpool",
       {ref,"978094149bae1144415ad6701aa8dc4251b5530c"}},
  0}].
